// !$*UTF8*$!
{
	archiveVersion = 1;
	classes = {
	};
	objectVersion = 77;
	objects = {

/* Begin PBXContainerItemProxy section */
		FBFC30882E6D863E00C5EAB4 /* PBXContainerItemProxy */ = {
			isa = PBXContainerItemProxy;
			containerPortal = FBFC306D2E6D863D00C5EAB4 /* Project object */;
			proxyType = 1;
			remoteGlobalIDString = FBFC30742E6D863D00C5EAB4;
			remoteInfo = SampleLatestApp;
		};
		FBFC30922E6D863E00C5EAB4 /* PBXContainerItemProxy */ = {
			isa = PBXContainerItemProxy;
			containerPortal = FBFC306D2E6D863D00C5EAB4 /* Project object */;
			proxyType = 1;
			remoteGlobalIDString = FBFC30742E6D863D00C5EAB4;
			remoteInfo = SampleLatestApp;
		};
/* End PBXContainerItemProxy section */

/* Begin PBXFileReference section */
		FBFC30752E6D863D00C5EAB4 /* SampleLatestApp.app */ = {isa = PBXFileReference; explicitFileType = wrapper.application; includeInIndex = 0; path = SampleLatestApp.app; sourceTree = BUILT_PRODUCTS_DIR; };
		FBFC30872E6D863E00C5EAB4 /* SampleLatestAppTests.xctest */ = {isa = PBXFileReference; explicitFileType = wrapper.cfbundle; includeInIndex = 0; path = SampleLatestAppTests.xctest; sourceTree = BUILT_PRODUCTS_DIR; };
		FBFC30912E6D863E00C5EAB4 /* SampleLatestAppUITests.xctest */ = {isa = PBXFileReference; explicitFileType = wrapper.cfbundle; includeInIndex = 0; path = SampleLatestAppUITests.xctest; sourceTree = BUILT_PRODUCTS_DIR; };
/* End PBXFileReference section */

/* Begin PBXFileSystemSynchronizedRootGroup section */
		FBFC30772E6D863D00C5EAB4 /* SampleLatestApp */ = {
			isa = PBXFileSystemSynchronizedRootGroup;
			path = SampleLatestApp;
			sourceTree = "<group>";
		};
		FBFC308A2E6D863E00C5EAB4 /* SampleLatestAppTests */ = {
			isa = PBXFileSystemSynchronizedRootGroup;
			path = SampleLatestAppTests;
			sourceTree = "<group>";
		};
		FBFC30942E6D863E00C5EAB4 /* SampleLatestAppUITests */ = {
			isa = PBXFileSystemSynchronizedRootGroup;
			path = SampleLatestAppUITests;
			sourceTree = "<group>";
		};
/* End PBXFileSystemSynchronizedRootGroup section */

/* Begin PBXFrameworksBuildPhase section */
		FBFC30722E6D863D00C5EAB4 /* Frameworks */ = {
			isa = PBXFrameworksBuildPhase;
			buildActionMask = 2147483647;
			files = (
			);
			runOnlyForDeploymentPostprocessing = 0;
		};
		FBFC30842E6D863E00C5EAB4 /* Frameworks */ = {
			isa = PBXFrameworksBuildPhase;
			buildActionMask = 2147483647;
			files = (
			);
			runOnlyForDeploymentPostprocessing = 0;
		};
		FBFC308E2E6D863E00C5EAB4 /* Frameworks */ = {
			isa = PBXFrameworksBuildPhase;
			buildActionMask = 2147483647;
			files = (
			);
			runOnlyForDeploymentPostprocessing = 0;
		};
/* End PBXFrameworksBuildPhase section */

/* Begin PBXGroup section */
		FBFC306C2E6D863D00C5EAB4 = {
			isa = PBXGroup;
			children = (
				FBFC30772E6D863D00C5EAB4 /* SampleLatestApp */,
				FBFC308A2E6D863E00C5EAB4 /* SampleLatestAppTests */,
				FBFC30942E6D863E00C5EAB4 /* SampleLatestAppUITests */,
				FBFC30762E6D863D00C5EAB4 /* Products */,
			);
			sourceTree = "<group>";
		};
		FBFC30762E6D863D00C5EAB4 /* Products */ = {
			isa = PBXGroup;
			children = (
				FBFC30752E6D863D00C5EAB4 /* SampleLatestApp.app */,
				FBFC30872E6D863E00C5EAB4 /* SampleLatestAppTests.xctest */,
				FBFC30912E6D863E00C5EAB4 /* SampleLatestAppUITests.xctest */,
			);
			name = Products;
			sourceTree = "<group>";
		};
/* End PBXGroup section */

/* Begin PBXNativeTarget section */
		FBFC30742E6D863D00C5EAB4 /* SampleLatestApp */ = {
			isa = PBXNativeTarget;
			buildConfigurationList = FBFC309B2E6D863E00C5EAB4 /* Build configuration list for PBXNativeTarget "SampleLatestApp" */;
			buildPhases = (
				FBFC30712E6D863D00C5EAB4 /* Sources */,
				FBFC30722E6D863D00C5EAB4 /* Frameworks */,
				FBFC30732E6D863D00C5EAB4 /* Resources */,
			);
			buildRules = (
			);
			dependencies = (
			);
			fileSystemSynchronizedGroups = (
				FBFC30772E6D863D00C5EAB4 /* SampleLatestApp */,
			);
			name = SampleLatestApp;
			packageProductDependencies = (
			);
			productName = SampleLatestApp;
			productReference = FBFC30752E6D863D00C5EAB4 /* SampleLatestApp.app */;
			productType = "com.apple.product-type.application";
		};
		FBFC30862E6D863E00C5EAB4 /* SampleLatestAppTests */ = {
			isa = PBXNativeTarget;
			buildConfigurationList = FBFC309E2E6D863E00C5EAB4 /* Build configuration list for PBXNativeTarget "SampleLatestAppTests" */;
			buildPhases = (
				FBFC30832E6D863E00C5EAB4 /* Sources */,
				FBFC30842E6D863E00C5EAB4 /* Frameworks */,
				FBFC30852E6D863E00C5EAB4 /* Resources */,
			);
			buildRules = (
			);
			dependencies = (
				FBFC30892E6D863E00C5EAB4 /* PBXTargetDependency */,
			);
			fileSystemSynchronizedGroups = (
				FBFC308A2E6D863E00C5EAB4 /* SampleLatestAppTests */,
			);
			name = SampleLatestAppTests;
			packageProductDependencies = (
			);
			productName = SampleLatestAppTests;
			productReference = FBFC30872E6D863E00C5EAB4 /* SampleLatestAppTests.xctest */;
			productType = "com.apple.product-type.bundle.unit-test";
		};
		FBFC30902E6D863E00C5EAB4 /* SampleLatestAppUITests */ = {
			isa = PBXNativeTarget;
			buildConfigurationList = FBFC30A12E6D863E00C5EAB4 /* Build configuration list for PBXNativeTarget "SampleLatestAppUITests" */;
			buildPhases = (
				FBFC308D2E6D863E00C5EAB4 /* Sources */,
				FBFC308E2E6D863E00C5EAB4 /* Frameworks */,
				FBFC308F2E6D863E00C5EAB4 /* Resources */,
			);
			buildRules = (
			);
			dependencies = (
				FBFC30932E6D863E00C5EAB4 /* PBXTargetDependency */,
			);
			fileSystemSynchronizedGroups = (
				FBFC30942E6D863E00C5EAB4 /* SampleLatestAppUITests */,
			);
			name = SampleLatestAppUITests;
			packageProductDependencies = (
			);
			productName = SampleLatestAppUITests;
			productReference = FBFC30912E6D863E00C5EAB4 /* SampleLatestAppUITests.xctest */;
			productType = "com.apple.product-type.bundle.ui-testing";
		};
/* End PBXNativeTarget section */

/* Begin PBXProject section */
		FBFC306D2E6D863D00C5EAB4 /* Project object */ = {
			isa = PBXProject;
			attributes = {
				BuildIndependentTargetsInParallel = 1;
				LastSwiftUpdateCheck = 1620;
				LastUpgradeCheck = 1620;
				TargetAttributes = {
					FBFC30742E6D863D00C5EAB4 = {
						CreatedOnToolsVersion = 16.2;
					};
					FBFC30862E6D863E00C5EAB4 = {
						CreatedOnToolsVersion = 16.2;
						TestTargetID = FBFC30742E6D863D00C5EAB4;
					};
					FBFC30902E6D863E00C5EAB4 = {
						CreatedOnToolsVersion = 16.2;
						TestTargetID = FBFC30742E6D863D00C5EAB4;
					};
				};
			};
			buildConfigurationList = FBFC30702E6D863D00C5EAB4 /* Build configuration list for PBXProject "SampleLatestApp" */;
			developmentRegion = en;
			hasScannedForEncodings = 0;
			knownRegions = (
				en,
				Base,
			);
			mainGroup = FBFC306C2E6D863D00C5EAB4;
			minimizedProjectReferenceProxies = 1;
			preferredProjectObjectVersion = 77;
			productRefGroup = FBFC30762E6D863D00C5EAB4 /* Products */;
			projectDirPath = "";
			projectRoot = "";
			targets = (
				FBFC30742E6D863D00C5EAB4 /* SampleLatestApp */,
				FBFC30862E6D863E00C5EAB4 /* SampleLatestAppTests */,
				FBFC30902E6D863E00C5EAB4 /* SampleLatestAppUITests */,
			);
		};
/* End PBXProject section */

/* Begin PBXResourcesBuildPhase section */
		FBFC30732E6D863D00C5EAB4 /* Resources */ = {
			isa = PBXResourcesBuildPhase;
			buildActionMask = 2147483647;
			files = (
			);
			runOnlyForDeploymentPostprocessing = 0;
		};
		FBFC30852E6D863E00C5EAB4 /* Resources */ = {
			isa = PBXResourcesBuildPhase;
			buildActionMask = 2147483647;
			files = (
			);
			runOnlyForDeploymentPostprocessing = 0;
		};
		FBFC308F2E6D863E00C5EAB4 /* Resources */ = {
			isa = PBXResourcesBuildPhase;
			buildActionMask = 2147483647;
			files = (
			);
			runOnlyForDeploymentPostprocessing = 0;
		};
/* End PBXResourcesBuildPhase section */

/* Begin PBXSourcesBuildPhase section */
		FBFC30712E6D863D00C5EAB4 /* Sources */ = {
			isa = PBXSourcesBuildPhase;
			buildActionMask = 2147483647;
			files = (
			);
			runOnlyForDeploymentPostprocessing = 0;
		};
		FBFC30832E6D863E00C5EAB4 /* Sources */ = {
			isa = PBXSourcesBuildPhase;
			buildActionMask = 2147483647;
			files = (
			);
			runOnlyForDeploymentPostprocessing = 0;
		};
		FBFC308D2E6D863E00C5EAB4 /* Sources */ = {
			isa = PBXSourcesBuildPhase;
			buildActionMask = 2147483647;
			files = (
			);
			runOnlyForDeploymentPostprocessing = 0;
		};
/* End PBXSourcesBuildPhase section */

/* Begin PBXTargetDependency section */
		FBFC30892E6D863E00C5EAB4 /* PBXTargetDependency */ = {
			isa = PBXTargetDependency;
			target = FBFC30742E6D863D00C5EAB4 /* SampleLatestApp */;
			targetProxy = FBFC30882E6D863E00C5EAB4 /* PBXContainerItemProxy */;
		};
		FBFC30932E6D863E00C5EAB4 /* PBXTargetDependency */ = {
			isa = PBXTargetDependency;
			target = FBFC30742E6D863D00C5EAB4 /* SampleLatestApp */;
			targetProxy = FBFC30922E6D863E00C5EAB4 /* PBXContainerItemProxy */;
		};
/* End PBXTargetDependency section */

/* Begin XCBuildConfiguration section */
		FBFC30992E6D863E00C5EAB4 /* Debug */ = {
			isa = XCBuildConfiguration;
			buildSettings = {
				ALWAYS_SEARCH_USER_PATHS = NO;
				ASSETCATALOG_COMPILER_GENERATE_SWIFT_ASSET_SYMBOL_EXTENSIONS = YES;
				CLANG_ANALYZER_NONNULL = YES;
				CLANG_ANALYZER_NUMBER_OBJECT_CONVERSION = YES_AGGRESSIVE;
				CLANG_CXX_LANGUAGE_STANDARD = "gnu++20";
				CLANG_ENABLE_MODULES = YES;
				CLANG_ENABLE_OBJC_ARC = YES;
				CLANG_ENABLE_OBJC_WEAK = YES;
				CLANG_WARN_BLOCK_CAPTURE_AUTORELEASING = YES;
				CLANG_WARN_BOOL_CONVERSION = YES;
				CLANG_WARN_COMMA = YES;
				CLANG_WARN_CONSTANT_CONVERSION = YES;
				CLANG_WARN_DEPRECATED_OBJC_IMPLEMENTATIONS = YES;
				CLANG_WARN_DIRECT_OBJC_ISA_USAGE = YES_ERROR;
				CLANG_WARN_DOCUMENTATION_COMMENTS = YES;
				CLANG_WARN_EMPTY_BODY = YES;
				CLANG_WARN_ENUM_CONVERSION = YES;
				CLANG_WARN_INFINITE_RECURSION = YES;
				CLANG_WARN_INT_CONVERSION = YES;
				CLANG_WARN_NON_LITERAL_NULL_CONVERSION = YES;
				CLANG_WARN_OBJC_IMPLICIT_RETAIN_SELF = YES;
				CLANG_WARN_OBJC_LITERAL_CONVERSION = YES;
				CLANG_WARN_OBJC_ROOT_CLASS = YES_ERROR;
				CLANG_WARN_QUOTED_INCLUDE_IN_FRAMEWORK_HEADER = YES;
				CLANG_WARN_RANGE_LOOP_ANALYSIS = YES;
				CLANG_WARN_STRICT_PROTOTYPES = YES;
				CLANG_WARN_SUSPICIOUS_MOVE = YES;
				CLANG_WARN_UNGUARDED_AVAILABILITY = YES_AGGRESSIVE;
				CLANG_WARN_UNREACHABLE_CODE = YES;
				CLANG_WARN__DUPLICATE_METHOD_MATCH = YES;
				COPY_PHASE_STRIP = NO;
				DEBUG_INFORMATION_FORMAT = dwarf;
				ENABLE_STRICT_OBJC_MSGSEND = YES;
				ENABLE_TESTABILITY = YES;
				ENABLE_USER_SCRIPT_SANDBOXING = YES;
				GCC_C_LANGUAGE_STANDARD = gnu17;
				GCC_DYNAMIC_NO_PIC = NO;
				GCC_NO_COMMON_BLOCKS = YES;
				GCC_OPTIMIZATION_LEVEL = 0;
				GCC_PREPROCESSOR_DEFINITIONS = (
					"DEBUG=1",
					"$(inherited)",
				);
				GCC_WARN_64_TO_32_BIT_CONVERSION = YES;
				GCC_WARN_ABOUT_RETURN_TYPE = YES_ERROR;
				GCC_WARN_UNDECLARED_SELECTOR = YES;
				GCC_WARN_UNINITIALIZED_AUTOS = YES_AGGRESSIVE;
				GCC_WARN_UNUSED_FUNCTION = YES;
				GCC_WARN_UNUSED_VARIABLE = YES;
				IPHONEOS_DEPLOYMENT_TARGET = 18.2;
				LOCALIZATION_PREFERS_STRING_CATALOGS = YES;
				MTL_ENABLE_DEBUG_INFO = INCLUDE_SOURCE;
				MTL_FAST_MATH = YES;
				ONLY_ACTIVE_ARCH = YES;
				SDKROOT = iphoneos;
				SWIFT_ACTIVE_COMPILATION_CONDITIONS = "DEBUG $(inherited)";
				SWIFT_OPTIMIZATION_LEVEL = "-Onone";
			};
			name = Debug;
		};
		FBFC309A2E6D863E00C5EAB4 /* Release */ = {
			isa = XCBuildConfiguration;
			buildSettings = {
				ALWAYS_SEARCH_USER_PATHS = NO;
				ASSETCATALOG_COMPILER_GENERATE_SWIFT_ASSET_SYMBOL_EXTENSIONS = YES;
				CLANG_ANALYZER_NONNULL = YES;
				CLANG_ANALYZER_NUMBER_OBJECT_CONVERSION = YES_AGGRESSIVE;
				CLANG_CXX_LANGUAGE_STANDARD = "gnu++20";
				CLANG_ENABLE_MODULES = YES;
				CLANG_ENABLE_OBJC_ARC = YES;
				CLANG_ENABLE_OBJC_WEAK = YES;
				CLANG_WARN_BLOCK_CAPTURE_AUTORELEASING = YES;
				CLANG_WARN_BOOL_CONVERSION = YES;
				CLANG_WARN_COMMA = YES;
				CLANG_WARN_CONSTANT_CONVERSION = YES;
				CLANG_WARN_DEPRECATED_OBJC_IMPLEMENTATIONS = YES;
				CLANG_WARN_DIRECT_OBJC_ISA_USAGE = YES_ERROR;
				CLANG_WARN_DOCUMENTATION_COMMENTS = YES;
				CLANG_WARN_EMPTY_BODY = YES;
				CLANG_WARN_ENUM_CONVERSION = YES;
				CLANG_WARN_INFINITE_RECURSION = YES;
				CLANG_WARN_INT_CONVERSION = YES;
				CLANG_WARN_NON_LITERAL_NULL_CONVERSION = YES;
				CLANG_WARN_OBJC_IMPLICIT_RETAIN_SELF = YES;
				CLANG_WARN_OBJC_LITERAL_CONVERSION = YES;
				CLANG_WARN_OBJC_ROOT_CLASS = YES_ERROR;
				CLANG_WARN_QUOTED_INCLUDE_IN_FRAMEWORK_HEADER = YES;
				CLANG_WARN_RANGE_LOOP_ANALYSIS = YES;
				CLANG_WARN_STRICT_PROTOTYPES = YES;
				CLANG_WARN_SUSPICIOUS_MOVE = YES;
				CLANG_WARN_UNGUARDED_AVAILABILITY = YES_AGGRESSIVE;
				CLANG_WARN_UNREACHABLE_CODE = YES;
				CLANG_WARN__DUPLICATE_METHOD_MATCH = YES;
				COPY_PHASE_STRIP = NO;
				DEBUG_INFORMATION_FORMAT = "dwarf-with-dsym";
				ENABLE_NS_ASSERTIONS = NO;
				ENABLE_STRICT_OBJC_MSGSEND = YES;
				ENABLE_USER_SCRIPT_SANDBOXING = YES;
				GCC_C_LANGUAGE_STANDARD = gnu17;
				GCC_NO_COMMON_BLOCKS = YES;
				GCC_WARN_64_TO_32_BIT_CONVERSION = YES;
				GCC_WARN_ABOUT_RETURN_TYPE = YES_ERROR;
				GCC_WARN_UNDECLARED_SELECTOR = YES;
				GCC_WARN_UNINITIALIZED_AUTOS = YES_AGGRESSIVE;
				GCC_WARN_UNUSED_FUNCTION = YES;
				GCC_WARN_UNUSED_VARIABLE = YES;
				IPHONEOS_DEPLOYMENT_TARGET = 18.2;
				LOCALIZATION_PREFERS_STRING_CATALOGS = YES;
				MTL_ENABLE_DEBUG_INFO = NO;
				MTL_FAST_MATH = YES;
				SDKROOT = iphoneos;
				SWIFT_COMPILATION_MODE = wholemodule;
				VALIDATE_PRODUCT = YES;
			};
			name = Release;
		};
		FBFC309C2E6D863E00C5EAB4 /* Debug */ = {
			isa = XCBuildConfiguration;
			buildSettings = {
				ASSETCATALOG_COMPILER_APPICON_NAME = AppIcon;
				ASSETCATALOG_COMPILER_GLOBAL_ACCENT_COLOR_NAME = AccentColor;
				CODE_SIGN_STYLE = Automatic;
				CURRENT_PROJECT_VERSION = 1;
				DEVELOPMENT_ASSET_PATHS = "\"SampleLatestApp/Preview Content\"";
				DEVELOPMENT_TEAM = AV5MM5Z9XK;
				ENABLE_PREVIEWS = YES;
				GENERATE_INFOPLIST_FILE = YES;
				INFOPLIST_KEY_UIApplicationSceneManifest_Generation = YES;
				INFOPLIST_KEY_UIApplicationSupportsIndirectInputEvents = YES;
				INFOPLIST_KEY_UILaunchScreen_Generation = YES;
				INFOPLIST_KEY_UISupportedInterfaceOrientations_iPad = "UIInterfaceOrientationPortrait UIInterfaceOrientationPortraitUpsideDown UIInterfaceOrientationLandscapeLeft UIInterfaceOrientationLandscapeRight";
				INFOPLIST_KEY_UISupportedInterfaceOrientations_iPhone = "UIInterfaceOrientationPortrait UIInterfaceOrientationLandscapeLeft UIInterfaceOrientationLandscapeRight";
				LD_RUNPATH_SEARCH_PATHS = (
					"$(inherited)",
					"@executable_path/Frameworks",
				);
				MARKETING_VERSION = 1.0;
				PRODUCT_BUNDLE_IDENTIFIER = com.sample.com.SampleLatestApp;
				PRODUCT_NAME = "$(TARGET_NAME)";
				SWIFT_EMIT_LOC_STRINGS = YES;
				SWIFT_VERSION = 5.0;
				TARGETED_DEVICE_FAMILY = "1,2";
			};
			name = Debug;
		};
		FBFC309D2E6D863E00C5EAB4 /* Release */ = {
			isa = XCBuildConfiguration;
			buildSettings = {
				ASSETCATALOG_COMPILER_APPICON_NAME = AppIcon;
				ASSETCATALOG_COMPILER_GLOBAL_ACCENT_COLOR_NAME = AccentColor;
				CODE_SIGN_STYLE = Automatic;
				CURRENT_PROJECT_VERSION = 1;
				DEVELOPMENT_ASSET_PATHS = "\"SampleLatestApp/Preview Content\"";
				DEVELOPMENT_TEAM = AV5MM5Z9XK;
				ENABLE_PREVIEWS = YES;
				GENERATE_INFOPLIST_FILE = YES;
				INFOPLIST_KEY_UIApplicationSceneManifest_Generation = YES;
				INFOPLIST_KEY_UIApplicationSupportsIndirectInputEvents = YES;
				INFOPLIST_KEY_UILaunchScreen_Generation = YES;
				INFOPLIST_KEY_UISupportedInterfaceOrientations_iPad = "UIInterfaceOrientationPortrait UIInterfaceOrientationPortraitUpsideDown UIInterfaceOrientationLandscapeLeft UIInterfaceOrientationLandscapeRight";
				INFOPLIST_KEY_UISupportedInterfaceOrientations_iPhone = "UIInterfaceOrientationPortrait UIInterfaceOrientationLandscapeLeft UIInterfaceOrientationLandscapeRight";
				LD_RUNPATH_SEARCH_PATHS = (
					"$(inherited)",
					"@executable_path/Frameworks",
				);
				MARKETING_VERSION = 1.0;
				PRODUCT_BUNDLE_IDENTIFIER = com.sample.com.SampleLatestApp;
				PRODUCT_NAME = "$(TARGET_NAME)";
				SWIFT_EMIT_LOC_STRINGS = YES;
				SWIFT_VERSION = 5.0;
				TARGETED_DEVICE_FAMILY = "1,2";
			};
			name = Release;
		};
		FBFC309F2E6D863E00C5EAB4 /* Debug */ = {
			isa = XCBuildConfiguration;
			buildSettings = {
				BUNDLE_LOADER = "$(TEST_HOST)";
				CODE_SIGN_STYLE = Automatic;
				CURRENT_PROJECT_VERSION = 1;
				DEVELOPMENT_TEAM = AV5MM5Z9XK;
				GENERATE_INFOPLIST_FILE = YES;
				IPHONEOS_DEPLOYMENT_TARGET = 18.2;
				MARKETING_VERSION = 1.0;
				PRODUCT_BUNDLE_IDENTIFIER = com.sample.com.SampleLatestAppTests;
				PRODUCT_NAME = "$(TARGET_NAME)";
				SWIFT_EMIT_LOC_STRINGS = NO;
				SWIFT_VERSION = 5.0;
				TARGETED_DEVICE_FAMILY = "1,2";
				TEST_HOST = "$(BUILT_PRODUCTS_DIR)/SampleLatestApp.app/$(BUNDLE_EXECUTABLE_FOLDER_PATH)/SampleLatestApp";
			};
			name = Debug;
		};
		FBFC30A02E6D863E00C5EAB4 /* Release */ = {
			isa = XCBuildConfiguration;
			buildSettings = {
				BUNDLE_LOADER = "$(TEST_HOST)";
				CODE_SIGN_STYLE = Automatic;
				CURRENT_PROJECT_VERSION = 1;
				DEVELOPMENT_TEAM = AV5MM5Z9XK;
				GENERATE_INFOPLIST_FILE = YES;
				IPHONEOS_DEPLOYMENT_TARGET = 18.2;
				MARKETING_VERSION = 1.0;
				PRODUCT_BUNDLE_IDENTIFIER = com.sample.com.SampleLatestAppTests;
				PRODUCT_NAME = "$(TARGET_NAME)";
				SWIFT_EMIT_LOC_STRINGS = NO;
				SWIFT_VERSION = 5.0;
				TARGETED_DEVICE_FAMILY = "1,2";
				TEST_HOST = "$(BUILT_PRODUCTS_DIR)/SampleLatestApp.app/$(BUNDLE_EXECUTABLE_FOLDER_PATH)/SampleLatestApp";
			};
			name = Release;
		};
		FBFC30A22E6D863E00C5EAB4 /* Debug */ = {
			isa = XCBuildConfiguration;
			buildSettings = {
				CODE_SIGN_STYLE = Automatic;
				CURRENT_PROJECT_VERSION = 1;
				DEVELOPMENT_TEAM = AV5MM5Z9XK;
				GENERATE_INFOPLIST_FILE = YES;
				MARKETING_VERSION = 1.0;
				PRODUCT_BUNDLE_IDENTIFIER = com.sample.com.SampleLatestAppUITests;
				PRODUCT_NAME = "$(TARGET_NAME)";
				SWIFT_EMIT_LOC_STRINGS = NO;
				SWIFT_VERSION = 5.0;
				TARGETED_DEVICE_FAMILY = "1,2";
				TEST_TARGET_NAME = SampleLatestApp;
			};
			name = Debug;
		};
		FBFC30A32E6D863E00C5EAB4 /* Release */ = {
			isa = XCBuildConfiguration;
			buildSettings = {
				CODE_SIGN_STYLE = Automatic;
				CURRENT_PROJECT_VERSION = 1;
				DEVELOPMENT_TEAM = AV5MM5Z9XK;
				GENERATE_INFOPLIST_FILE = YES;
				MARKETING_VERSION = 1.0;
				PRODUCT_BUNDLE_IDENTIFIER = com.sample.com.SampleLatestAppUITests;
				PRODUCT_NAME = "$(TARGET_NAME)";
				SWIFT_EMIT_LOC_STRINGS = NO;
				SWIFT_VERSION = 5.0;
				TARGETED_DEVICE_FAMILY = "1,2";
				TEST_TARGET_NAME = SampleLatestApp;
			};
			name = Release;
		};
/* End XCBuildConfiguration section */

/* Begin XCConfigurationList section */
		FBFC30702E6D863D00C5EAB4 /* Build configuration list for PBXProject "SampleLatestApp" */ = {
			isa = XCConfigurationList;
			buildConfigurations = (
				FBFC30992E6D863E00C5EAB4 /* Debug */,
				FBFC309A2E6D863E00C5EAB4 /* Release */,
			);
			defaultConfigurationIsVisible = 0;
			defaultConfigurationName = Release;
		};
		FBFC309B2E6D863E00C5EAB4 /* Build configuration list for PBXNativeTarget "SampleLatestApp" */ = {
			isa = XCConfigurationList;
			buildConfigurations = (
				FBFC309C2E6D863E00C5EAB4 /* Debug */,
				FBFC309D2E6D863E00C5EAB4 /* Release */,
			);
			defaultConfigurationIsVisible = 0;
			defaultConfigurationName = Release;
		};
		FBFC309E2E6D863E00C5EAB4 /* Build configuration list for PBXNativeTarget "SampleLatestAppTests" */ = {
			isa = XCConfigurationList;
			buildConfigurations = (
				FBFC309F2E6D863E00C5EAB4 /* Debug */,
				FBFC30A02E6D863E00C5EAB4 /* Release */,
			);
			defaultConfigurationIsVisible = 0;
			defaultConfigurationName = Release;
		};
		FBFC30A12E6D863E00C5EAB4 /* Build configuration list for PBXNativeTarget "SampleLatestAppUITests" */ = {
			isa = XCConfigurationList;
			buildConfigurations = (
				FBFC30A22E6D863E00C5EAB4 /* Debug */,
				FBFC30A32E6D863E00C5EAB4 /* Release */,
			);
			defaultConfigurationIsVisible = 0;
			defaultConfigurationName = Release;
		};
/* End XCConfigurationList section */
	};
	rootObject = FBFC306D2E6D863D00C5EAB4 /* Project object */;
}
